
Microsoft Visual Studio Solution File, Format Version 12.00
# Visual Studio Version 17
VisualStudioVersion = 17.0.31903.59
MinimumVisualStudioVersion = 10.0.40219.1
Project("{9A19103F-16F7-4668-BE54-9A1E7A4F7556}") = "123Vendas.Domain", "123Vendas.Domain\123Vendas.Domain.csproj", "{45A998B5-0354-40D9-99A6-13AB48E08297}"
EndProject
Project("{9A19103F-16F7-4668-BE54-9A1E7A4F7556}") = "123Vendas.Application", "123Vendas.Application\123Vendas.Application.csproj", "{59A8CC9F-0B77-432F-8B1E-9A36D50F0D4F}"
EndProject
Project("{9A19103F-16F7-4668-BE54-9A1E7A4F7556}") = "123Vendas.Infrastructure", "123Vendas.Infrastructure\123Vendas.Infrastructure.csproj", "{215CB633-A6EA-45BE-B6C6-69330A518140}"
EndProject
Project("{9A19103F-16F7-4668-BE54-9A1E7A4F7556}") = "123Vendas.Api", "123Vendas.Api\123Vendas.Api.csproj", "{E0ED0EE3-1712-41CB-8D96-0072BB22D716}"
EndProject
Project("{FAE04EC0-301F-11D3-BF4B-00C04F79EFBC}") = "123Vendas.Test", "123Vendas.Test\123Vendas.Test.csproj", "{0B5C3633-005C-4D4B-A349-BEA4488215ED}"
EndProject
Global
	GlobalSection(SolutionConfigurationPlatforms) = preSolution
		Debug|Any CPU = Debug|Any CPU
		Release|Any CPU = Release|Any CPU
	EndGlobalSection
	GlobalSection(ProjectConfigurationPlatforms) = postSolution
		{45A998B5-0354-40D9-99A6-13AB48E08297}.Debug|Any CPU.ActiveCfg = Debug|Any CPU
		{45A998B5-0354-40D9-99A6-13AB48E08297}.Debug|Any CPU.Build.0 = Debug|Any CPU
		{45A998B5-0354-40D9-99A6-13AB48E08297}.Release|Any CPU.ActiveCfg = Release|Any CPU
		{45A998B5-0354-40D9-99A6-13AB48E08297}.Release|Any CPU.Build.0 = Release|Any CPU
		{59A8CC9F-0B77-432F-8B1E-9A36D50F0D4F}.Debug|Any CPU.ActiveCfg = Debug|Any CPU
		{59A8CC9F-0B77-432F-8B1E-9A36D50F0D4F}.Debug|Any CPU.Build.0 = Debug|Any CPU
		{59A8CC9F-0B77-432F-8B1E-9A36D50F0D4F}.Release|Any CPU.ActiveCfg = Release|Any CPU
		{59A8CC9F-0B77-432F-8B1E-9A36D50F0D4F}.Release|Any CPU.Build.0 = Release|Any CPU
		{215CB633-A6EA-45BE-B6C6-69330A518140}.Debug|Any CPU.ActiveCfg = Debug|Any CPU
		{215CB633-A6EA-45BE-B6C6-69330A518140}.Debug|Any CPU.Build.0 = Debug|Any CPU
		{215CB633-A6EA-45BE-B6C6-69330A518140}.Release|Any CPU.ActiveCfg = Release|Any CPU
		{215CB633-A6EA-45BE-B6C6-69330A518140}.Release|Any CPU.Build.0 = Release|Any CPU
		{E0ED0EE3-1712-41CB-8D96-0072BB22D716}.Debug|Any CPU.ActiveCfg = Debug|Any CPU
		{E0ED0EE3-1712-41CB-8D96-0072BB22D716}.Debug|Any CPU.Build.0 = Debug|Any CPU
		{E0ED0EE3-1712-41CB-8D96-0072BB22D716}.Release|Any CPU.ActiveCfg = Release|Any CPU
		{E0ED0EE3-1712-41CB-8D96-0072BB22D716}.Release|Any CPU.Build.0 = Release|Any CPU
		{0B5C3633-005C-4D4B-A349-BEA4488215ED}.Debug|Any CPU.ActiveCfg = Debug|Any CPU
		{0B5C3633-005C-4D4B-A349-BEA4488215ED}.Debug|Any CPU.Build.0 = Debug|Any CPU
		{0B5C3633-005C-4D4B-A349-BEA4488215ED}.Release|Any CPU.ActiveCfg = Release|Any CPU
		{0B5C3633-005C-4D4B-A349-BEA4488215ED}.Release|Any CPU.Build.0 = Release|Any CPU
	EndGlobalSection
	GlobalSection(SolutionProperties) = preSolution
		HideSolutionNode = FALSE
	EndGlobalSection
	GlobalSection(ExtensibilityGlobals) = postSolution
		SolutionGuid = {03901D38-896C-4F2D-8A60-18A97C3CC551}
	EndGlobalSection
EndGlobal
